
Microsoft Visual Studio Solution File, Format Version 12.00
# Visual Studio Version 17
VisualStudioVersion = 17.4.33122.133
MinimumVisualStudioVersion = 10.0.40219.1
Project("{2150E333-8FDC-42A3-9474-1A3956D46DE8}") = "Internal", "Internal", "{6747D1EC-1308-4BC8-B3D7-C21761309FBF}"
EndProject
Project("{2150E333-8FDC-42A3-9474-1A3956D46DE8}") = "Scripts", "Scripts", "{6AAC6A8E-05B1-4E97-BD09-DFF6DED35B9C}"
EndProject
Project("{2150E333-8FDC-42A3-9474-1A3956D46DE8}") = "Dlls", "Dlls", "{859B518F-792A-4EAB-907A-8DEC2B902039}"
	ProjectSection(SolutionItems) = preProject
		Dlls\readme.txt = Dlls\readme.txt
	EndProjectSection
EndProject
Project("{2150E333-8FDC-42A3-9474-1A3956D46DE8}") = "Documentation", "Documentation", "{51C27F8B-8D8B-416F-BB99-7B672BB8AEB3}"
	ProjectSection(SolutionItems) = preProject
		Documentation\readme.txt = Documentation\readme.txt
	EndProjectSection
EndProject
Project("{2150E333-8FDC-42A3-9474-1A3956D46DE8}") = "Code Analysis", "Code Analysis", "{8E43B9E3-C424-44B3-94CA-43CC127020BB}"
	ProjectSection(SolutionItems) = preProject
		Internal\Code Analysis\qaction-debug.ruleset = Internal\Code Analysis\qaction-debug.ruleset
		Internal\Code Analysis\qaction-release.ruleset = Internal\Code Analysis\qaction-release.ruleset
	EndProjectSection
EndProject
Project("{2150E333-8FDC-42A3-9474-1A3956D46DE8}") = "AckDemo2", "AckDemo2", "{6D7B3F1F-1970-4C3A-9E13-00CC76C0AD63}"
	ProjectSection(SolutionItems) = preProject
		AckDemo2.xml = AckDemo2.xml
	EndProjectSection
EndProject
Project("{2150E333-8FDC-42A3-9474-1A3956D46DE8}") = "Actions", "Actions", "{03499260-53B8-4A2B-B1DD-1CA5DEB6D30A}"
EndProject
Project("{FAE04EC0-301F-11D3-BF4B-00C04F79EFBC}") = "AckDemo2_1", "AckDemo2_1\AckDemo2_1.csproj", "{33EB34DB-F07D-479D-95FA-7FFE7E9D90FD}"
EndProject
Global
	GlobalSection(SolutionConfigurationPlatforms) = preSolution
		Debug|Any CPU = Debug|Any CPU
		Release|Any CPU = Release|Any CPU
	EndGlobalSection
	GlobalSection(ProjectConfigurationPlatforms) = postSolution
		{33EB34DB-F07D-479D-95FA-7FFE7E9D90FD}.Debug|Any CPU.ActiveCfg = Debug|Any CPU
		{33EB34DB-F07D-479D-95FA-7FFE7E9D90FD}.Debug|Any CPU.Build.0 = Debug|Any CPU
		{33EB34DB-F07D-479D-95FA-7FFE7E9D90FD}.Release|Any CPU.ActiveCfg = Release|Any CPU
		{33EB34DB-F07D-479D-95FA-7FFE7E9D90FD}.Release|Any CPU.Build.0 = Release|Any CPU
	EndGlobalSection
	GlobalSection(SolutionProperties) = preSolution
		HideSolutionNode = FALSE
	EndGlobalSection
	GlobalSection(NestedProjects) = preSolution
		{8E43B9E3-C424-44B3-94CA-43CC127020BB} = {6747D1EC-1308-4BC8-B3D7-C21761309FBF}
		{6D7B3F1F-1970-4C3A-9E13-00CC76C0AD63} = {6AAC6A8E-05B1-4E97-BD09-DFF6DED35B9C}
		{03499260-53B8-4A2B-B1DD-1CA5DEB6D30A} = {6D7B3F1F-1970-4C3A-9E13-00CC76C0AD63}
		{33EB34DB-F07D-479D-95FA-7FFE7E9D90FD} = {03499260-53B8-4A2B-B1DD-1CA5DEB6D30A}
	EndGlobalSection
	GlobalSection(ExtensibilityGlobals) = postSolution
		SolutionGuid = {396C79DA-3847-465F-8C8E-6B32426CFF83}
	EndGlobalSection
EndGlobal
